{
  "pins" : [
    {
      "identity" : "swift-sysctl",
      "kind" : "remoteSourceControl",
      "location" : "https://github.com/p-x9/swift-sysctl.git",
      "state" : {
        "revision" : "b25d922f24b52671821949b9afc6a6c2ea0b7daf",
        "version" : "0.5.0"
      }
    }
  ],
  "version" : 2
}
