{
  "pins" : [
    {
      "identity" : "swift-sysctl",
      "kind" : "remoteSourceControl",
      "location" : "https://github.com/p-x9/swift-sysctl.git",
      "state" : {
        "revision" : "88861fa7f334b7d8c142b8928e5fce2f4ca4116d",
        "version" : "0.9.1"
      }
    }
  ],
  "version" : 2
}
