{
  "pins" : [
    {
      "identity" : "swift-sysctl",
      "kind" : "remoteSourceControl",
      "location" : "https://github.com/p-x9/swift-sysctl.git",
      "state" : {
        "revision" : "5cbec5fd83aa6ce6be36d01da9139eaf3e768bff",
        "version" : "0.4.0"
      }
    }
  ],
  "version" : 2
}
